
Microsoft Visual Studio Solution File, Format Version 12.00
# Visual Studio Version 17
VisualStudioVersion = 17.9.34902.65
MinimumVisualStudioVersion = 10.0.40219.1
Project("{9A19103F-16F7-4668-BE54-9A1E7A4F7556}") = "SiliconBlazorApp", "SiliconBlazorApp\SiliconBlazorApp\SiliconBlazorApp.csproj", "{B405174D-EDC8-4DC7-83A2-DDBC8AF391DB}"
EndProject
Project("{9A19103F-16F7-4668-BE54-9A1E7A4F7556}") = "SiliconBlazorApp.Client", "SiliconBlazorApp\SiliconBlazorApp.Client\SiliconBlazorApp.Client.csproj", "{BF26C7A0-3518-4DE8-9C97-139402C8EA70}"
EndProject
Global
	GlobalSection(SolutionConfigurationPlatforms) = preSolution
		Debug|Any CPU = Debug|Any CPU
		Release|Any CPU = Release|Any CPU
	EndGlobalSection
	GlobalSection(ProjectConfigurationPlatforms) = postSolution
		{B405174D-EDC8-4DC7-83A2-DDBC8AF391DB}.Debug|Any CPU.ActiveCfg = Debug|Any CPU
		{B405174D-EDC8-4DC7-83A2-DDBC8AF391DB}.Debug|Any CPU.Build.0 = Debug|Any CPU
		{B405174D-EDC8-4DC7-83A2-DDBC8AF391DB}.Release|Any CPU.ActiveCfg = Release|Any CPU
		{B405174D-EDC8-4DC7-83A2-DDBC8AF391DB}.Release|Any CPU.Build.0 = Release|Any CPU
		{BF26C7A0-3518-4DE8-9C97-139402C8EA70}.Debug|Any CPU.ActiveCfg = Debug|Any CPU
		{BF26C7A0-3518-4DE8-9C97-139402C8EA70}.Debug|Any CPU.Build.0 = Debug|Any CPU
		{BF26C7A0-3518-4DE8-9C97-139402C8EA70}.Release|Any CPU.ActiveCfg = Release|Any CPU
		{BF26C7A0-3518-4DE8-9C97-139402C8EA70}.Release|Any CPU.Build.0 = Release|Any CPU
	EndGlobalSection
	GlobalSection(SolutionProperties) = preSolution
		HideSolutionNode = FALSE
	EndGlobalSection
	GlobalSection(ExtensibilityGlobals) = postSolution
		SolutionGuid = {B940FE20-271D-43F8-B667-DA5BAC210F42}
	EndGlobalSection
EndGlobal
